// !$*UTF8*$!
{
	archiveVersion = 1;
	classes = {
	};
	objectVersion = 46;
	objects = {

/* Begin PBXBuildFile section */
		4026301BA6DFD04493962B6B /* Pods_SigninWithGoogle.framework in Frameworks */ = {isa = PBXBuildFile; fileRef = D8BB09CAD440E7900AEC6245 /* Pods_SigninWithGoogle.framework */; };
		A57D129F1E771342006C0A8C /* AppDelegate.swift in Sources */ = {isa = PBXBuildFile; fileRef = A57D129E1E771342006C0A8C /* AppDelegate.swift */; };
		A57D12A11E771342006C0A8C /* ViewController.swift in Sources */ = {isa = PBXBuildFile; fileRef = A57D12A01E771342006C0A8C /* ViewController.swift */; };
		A57D12A41E771342006C0A8C /* Main.storyboard in Resources */ = {isa = PBXBuildFile; fileRef = A57D12A21E771342006C0A8C /* Main.storyboard */; };
		A57D12A71E771342006C0A8C /* SigninWithGoogle.xcdatamodeld in Sources */ = {isa = PBXBuildFile; fileRef = A57D12A51E771342006C0A8C /* SigninWithGoogle.xcdatamodeld */; };
		A57D12A91E771342006C0A8C /* Assets.xcassets in Resources */ = {isa = PBXBuildFile; fileRef = A57D12A81E771342006C0A8C /* Assets.xcassets */; };
		A57D12AC1E771342006C0A8C /* LaunchScreen.storyboard in Resources */ = {isa = PBXBuildFile; fileRef = A57D12AA1E771342006C0A8C /* LaunchScreen.storyboard */; };
		A57D12B41E771452006C0A8C /* GoogleService-Info.plist in Resources */ = {isa = PBXBuildFile; fileRef = A57D12B31E771452006C0A8C /* GoogleService-Info.plist */; };
		A57D12B81E771D27006C0A8C /* WebViewContent.html in Resources */ = {isa = PBXBuildFile; fileRef = A57D12B71E771D27006C0A8C /* WebViewContent.html */; };
		A57D12BA1E772001006C0A8C /* bg.gif in Resources */ = {isa = PBXBuildFile; fileRef = A57D12B91E772001006C0A8C /* bg.gif */; };
		A57D12BD1E772519006C0A8C /* ProfileViewController.swift in Sources */ = {isa = PBXBuildFile; fileRef = A57D12BC1E772519006C0A8C /* ProfileViewController.swift */; };
/* End PBXBuildFile section */

/* Begin PBXFileReference section */
		5D611D08DA5372C572A4ED3C /* Pods-SigninWithGoogle.release.xcconfig */ = {isa = PBXFileReference; includeInIndex = 1; lastKnownFileType = text.xcconfig; name = "Pods-SigninWithGoogle.release.xcconfig"; path = "Pods/Target Support Files/Pods-SigninWithGoogle/Pods-SigninWithGoogle.release.xcconfig"; sourceTree = "<group>"; };
		A57D129B1E771342006C0A8C /* SigninWithGoogle.app */ = {isa = PBXFileReference; explicitFileType = wrapper.application; includeInIndex = 0; path = SigninWithGoogle.app; sourceTree = BUILT_PRODUCTS_DIR; };
		A57D129E1E771342006C0A8C /* AppDelegate.swift */ = {isa = PBXFileReference; lastKnownFileType = sourcecode.swift; path = AppDelegate.swift; sourceTree = "<group>"; };
		A57D12A01E771342006C0A8C /* ViewController.swift */ = {isa = PBXFileReference; lastKnownFileType = sourcecode.swift; path = ViewController.swift; sourceTree = "<group>"; };
		A57D12A31E771342006C0A8C /* Base */ = {isa = PBXFileReference; lastKnownFileType = file.storyboard; name = Base; path = Base.lproj/Main.storyboard; sourceTree = "<group>"; };
		A57D12A61E771342006C0A8C /* SigninWithGoogle.xcdatamodel */ = {isa = PBXFileReference; lastKnownFileType = wrapper.xcdatamodel; path = SigninWithGoogle.xcdatamodel; sourceTree = "<group>"; };
		A57D12A81E771342006C0A8C /* Assets.xcassets */ = {isa = PBXFileReference; lastKnownFileType = folder.assetcatalog; path = Assets.xcassets; sourceTree = "<group>"; };
		A57D12AB1E771342006C0A8C /* Base */ = {isa = PBXFileReference; lastKnownFileType = file.storyboard; name = Base; path = Base.lproj/LaunchScreen.storyboard; sourceTree = "<group>"; };
		A57D12AD1E771342006C0A8C /* Info.plist */ = {isa = PBXFileReference; lastKnownFileType = text.plist.xml; path = Info.plist; sourceTree = "<group>"; };
		A57D12B31E771452006C0A8C /* GoogleService-Info.plist */ = {isa = PBXFileReference; fileEncoding = 4; lastKnownFileType = text.plist.xml; path = "GoogleService-Info.plist"; sourceTree = "<group>"; };
		A57D12B71E771D27006C0A8C /* WebViewContent.html */ = {isa = PBXFileReference; fileEncoding = 4; lastKnownFileType = text.html; path = WebViewContent.html; sourceTree = "<group>"; };
		A57D12B91E772001006C0A8C /* bg.gif */ = {isa = PBXFileReference; lastKnownFileType = image.gif; path = bg.gif; sourceTree = "<group>"; };
		A57D12BB1E7722E0006C0A8C /* SigninWithGoogle.entitlements */ = {isa = PBXFileReference; lastKnownFileType = text.plist.entitlements; path = SigninWithGoogle.entitlements; sourceTree = "<group>"; };
		A57D12BC1E772519006C0A8C /* ProfileViewController.swift */ = {isa = PBXFileReference; fileEncoding = 4; lastKnownFileType = sourcecode.swift; path = ProfileViewController.swift; sourceTree = "<group>"; };
		D8BB09CAD440E7900AEC6245 /* Pods_SigninWithGoogle.framework */ = {isa = PBXFileReference; explicitFileType = wrapper.framework; includeInIndex = 0; path = Pods_SigninWithGoogle.framework; sourceTree = BUILT_PRODUCTS_DIR; };
		E6D972A0520A6CFBCDEC1C24 /* Pods-SigninWithGoogle.debug.xcconfig */ = {isa = PBXFileReference; includeInIndex = 1; lastKnownFileType = text.xcconfig; name = "Pods-SigninWithGoogle.debug.xcconfig"; path = "Pods/Target Support Files/Pods-SigninWithGoogle/Pods-SigninWithGoogle.debug.xcconfig"; sourceTree = "<group>"; };
/* End PBXFileReference section */

/* Begin PBXFrameworksBuildPhase section */
		A57D12981E771342006C0A8C /* Frameworks */ = {
			isa = PBXFrameworksBuildPhase;
			buildActionMask = 2147483647;
			files = (
				4026301BA6DFD04493962B6B /* Pods_SigninWithGoogle.framework in Frameworks */,
			);
			runOnlyForDeploymentPostprocessing = 0;
		};
/* End PBXFrameworksBuildPhase section */

/* Begin PBXGroup section */
		167D359693B7CD46BA8458A0 /* Frameworks */ = {
			isa = PBXGroup;
			children = (
				D8BB09CAD440E7900AEC6245 /* Pods_SigninWithGoogle.framework */,
			);
			name = Frameworks;
			sourceTree = "<group>";
		};
		3BDC6DD76BE56BB4DF237E96 /* Pods */ = {
			isa = PBXGroup;
			children = (
				E6D972A0520A6CFBCDEC1C24 /* Pods-SigninWithGoogle.debug.xcconfig */,
				5D611D08DA5372C572A4ED3C /* Pods-SigninWithGoogle.release.xcconfig */,
			);
			name = Pods;
			sourceTree = "<group>";
		};
		A57D12921E771342006C0A8C = {
			isa = PBXGroup;
			children = (
				A57D129D1E771342006C0A8C /* SigninWithGoogle */,
				A57D129C1E771342006C0A8C /* Products */,
				3BDC6DD76BE56BB4DF237E96 /* Pods */,
				167D359693B7CD46BA8458A0 /* Frameworks */,
			);
			sourceTree = "<group>";
		};
		A57D129C1E771342006C0A8C /* Products */ = {
			isa = PBXGroup;
			children = (
				A57D129B1E771342006C0A8C /* SigninWithGoogle.app */,
			);
			name = Products;
			sourceTree = "<group>";
		};
		A57D129D1E771342006C0A8C /* SigninWithGoogle */ = {
			isa = PBXGroup;
			children = (
				A57D12BB1E7722E0006C0A8C /* SigninWithGoogle.entitlements */,
				A57D12B91E772001006C0A8C /* bg.gif */,
				A57D129E1E771342006C0A8C /* AppDelegate.swift */,
				A57D12A01E771342006C0A8C /* ViewController.swift */,
				A57D12BC1E772519006C0A8C /* ProfileViewController.swift */,
				A57D12A21E771342006C0A8C /* Main.storyboard */,
				A57D12A81E771342006C0A8C /* Assets.xcassets */,
				A57D12AA1E771342006C0A8C /* LaunchScreen.storyboard */,
				A57D12AD1E771342006C0A8C /* Info.plist */,
				A57D12A51E771342006C0A8C /* SigninWithGoogle.xcdatamodeld */,
				A57D12B31E771452006C0A8C /* GoogleService-Info.plist */,
				A57D12B71E771D27006C0A8C /* WebViewContent.html */,
			);
			path = SigninWithGoogle;
			sourceTree = "<group>";
		};
/* End PBXGroup section */

/* Begin PBXNativeTarget section */
		A57D129A1E771342006C0A8C /* SigninWithGoogle */ = {
			isa = PBXNativeTarget;
			buildConfigurationList = A57D12B01E771342006C0A8C /* Build configuration list for PBXNativeTarget "SigninWithGoogle" */;
			buildPhases = (
				C2F8DE7BF5891DA5E928EADF /* [CP] Check Pods Manifest.lock */,
				A57D12971E771342006C0A8C /* Sources */,
				A57D12981E771342006C0A8C /* Frameworks */,
				A57D12991E771342006C0A8C /* Resources */,
				90FD5824EC4D63F9DB64419A /* [CP] Embed Pods Frameworks */,
				BED1B74657C34DCB13019D63 /* [CP] Copy Pods Resources */,
			);
			buildRules = (
			);
			dependencies = (
			);
			name = SigninWithGoogle;
			productName = SigninWithGoogle;
			productReference = A57D129B1E771342006C0A8C /* SigninWithGoogle.app */;
			productType = "com.apple.product-type.application";
		};
/* End PBXNativeTarget section */

/* Begin PBXProject section */
		A57D12931E771342006C0A8C /* Project object */ = {
			isa = PBXProject;
			attributes = {
				LastSwiftUpdateCheck = 0820;
				LastUpgradeCheck = 0820;
				ORGANIZATIONNAME = devth;
				TargetAttributes = {
					A57D129A1E771342006C0A8C = {
						CreatedOnToolsVersion = 8.2;
						DevelopmentTeam = 2BUG7DVPG4;
						ProvisioningStyle = Automatic;
						SystemCapabilities = {
							com.apple.Keychain = {
								enabled = 1;
							};
						};
					};
				};
			};
			buildConfigurationList = A57D12961E771342006C0A8C /* Build configuration list for PBXProject "SigninWithGoogle" */;
			compatibilityVersion = "Xcode 3.2";
			developmentRegion = English;
			hasScannedForEncodings = 0;
			knownRegions = (
				en,
				Base,
			);
			mainGroup = A57D12921E771342006C0A8C;
			productRefGroup = A57D129C1E771342006C0A8C /* Products */;
			projectDirPath = "";
			projectRoot = "";
			targets = (
				A57D129A1E771342006C0A8C /* SigninWithGoogle */,
			);
		};
/* End PBXProject section */

/* Begin PBXResourcesBuildPhase section */
		A57D12991E771342006C0A8C /* Resources */ = {
			isa = PBXResourcesBuildPhase;
			buildActionMask = 2147483647;
			files = (
				A57D12B81E771D27006C0A8C /* WebViewContent.html in Resources */,
				A57D12BA1E772001006C0A8C /* bg.gif in Resources */,
				A57D12AC1E771342006C0A8C /* LaunchScreen.storyboard in Resources */,
				A57D12B41E771452006C0A8C /* GoogleService-Info.plist in Resources */,
				A57D12A91E771342006C0A8C /* Assets.xcassets in Resources */,
				A57D12A41E771342006C0A8C /* Main.storyboard in Resources */,
			);
			runOnlyForDeploymentPostprocessing = 0;
		};
/* End PBXResourcesBuildPhase section */

/* Begin PBXShellScriptBuildPhase section */
		90FD5824EC4D63F9DB64419A /* [CP] Embed Pods Frameworks */ = {
			isa = PBXShellScriptBuildPhase;
			buildActionMask = 2147483647;
			files = (
			);
			inputPaths = (
			);
			name = "[CP] Embed Pods Frameworks";
			outputPaths = (
			);
			runOnlyForDeploymentPostprocessing = 0;
			shellPath = /bin/sh;
			shellScript = "\"${SRCROOT}/Pods/Target Support Files/Pods-SigninWithGoogle/Pods-SigninWithGoogle-frameworks.sh\"\n";
			showEnvVarsInLog = 0;
		};
		BED1B74657C34DCB13019D63 /* [CP] Copy Pods Resources */ = {
			isa = PBXShellScriptBuildPhase;
			buildActionMask = 2147483647;
			files = (
			);
			inputPaths = (
			);
			name = "[CP] Copy Pods Resources";
			outputPaths = (
			);
			runOnlyForDeploymentPostprocessing = 0;
			shellPath = /bin/sh;
			shellScript = "\"${SRCROOT}/Pods/Target Support Files/Pods-SigninWithGoogle/Pods-SigninWithGoogle-resources.sh\"\n";
			showEnvVarsInLog = 0;
		};
		C2F8DE7BF5891DA5E928EADF /* [CP] Check Pods Manifest.lock */ = {
			isa = PBXShellScriptBuildPhase;
			buildActionMask = 2147483647;
			files = (
			);
			inputPaths = (
			);
			name = "[CP] Check Pods Manifest.lock";
			outputPaths = (
			);
			runOnlyForDeploymentPostprocessing = 0;
			shellPath = /bin/sh;
			shellScript = "diff \"${PODS_ROOT}/../Podfile.lock\" \"${PODS_ROOT}/Manifest.lock\" > /dev/null\nif [ $? != 0 ] ; then\n    # print error to STDERR\n    echo \"error: The sandbox is not in sync with the Podfile.lock. Run 'pod install' or update your CocoaPods installation.\" >&2\n    exit 1\nfi\n";
			showEnvVarsInLog = 0;
		};
/* End PBXShellScriptBuildPhase section */

/* Begin PBXSourcesBuildPhase section */
		A57D12971E771342006C0A8C /* Sources */ = {
			isa = PBXSourcesBuildPhase;
			buildActionMask = 2147483647;
			files = (
				A57D12A71E771342006C0A8C /* SigninWithGoogle.xcdatamodeld in Sources */,
				A57D12A11E771342006C0A8C /* ViewController.swift in Sources */,
				A57D12BD1E772519006C0A8C /* ProfileViewController.swift in Sources */,
				A57D129F1E771342006C0A8C /* AppDelegate.swift in Sources */,
			);
			runOnlyForDeploymentPostprocessing = 0;
		};
/* End PBXSourcesBuildPhase section */

/* Begin PBXVariantGroup section */
		A57D12A21E771342006C0A8C /* Main.storyboard */ = {
			isa = PBXVariantGroup;
			children = (
				A57D12A31E771342006C0A8C /* Base */,
			);
			name = Main.storyboard;
			sourceTree = "<group>";
		};
		A57D12AA1E771342006C0A8C /* LaunchScreen.storyboard */ = {
			isa = PBXVariantGroup;
			children = (
				A57D12AB1E771342006C0A8C /* Base */,
			);
			name = LaunchScreen.storyboard;
			sourceTree = "<group>";
		};
/* End PBXVariantGroup section */

/* Begin XCBuildConfiguration section */
		A57D12AE1E771342006C0A8C /* Debug */ = {
			isa = XCBuildConfiguration;
			buildSettings = {
				ALWAYS_SEARCH_USER_PATHS = NO;
				CLANG_ANALYZER_NONNULL = YES;
				CLANG_CXX_LANGUAGE_STANDARD = "gnu++0x";
				CLANG_CXX_LIBRARY = "libc++";
				CLANG_ENABLE_MODULES = YES;
				CLANG_ENABLE_OBJC_ARC = YES;
				CLANG_WARN_BOOL_CONVERSION = YES;
				CLANG_WARN_CONSTANT_CONVERSION = YES;
				CLANG_WARN_DIRECT_OBJC_ISA_USAGE = YES_ERROR;
				CLANG_WARN_DOCUMENTATION_COMMENTS = YES;
				CLANG_WARN_EMPTY_BODY = YES;
				CLANG_WARN_ENUM_CONVERSION = YES;
				CLANG_WARN_INFINITE_RECURSION = YES;
				CLANG_WARN_INT_CONVERSION = YES;
				CLANG_WARN_OBJC_ROOT_CLASS = YES_ERROR;
				CLANG_WARN_SUSPICIOUS_MOVE = YES;
				CLANG_WARN_UNREACHABLE_CODE = YES;
				CLANG_WARN__DUPLICATE_METHOD_MATCH = YES;
				"CODE_SIGN_IDENTITY[sdk=iphoneos*]" = "iPhone Developer";
				COPY_PHASE_STRIP = NO;
				DEBUG_INFORMATION_FORMAT = dwarf;
				ENABLE_STRICT_OBJC_MSGSEND = YES;
				ENABLE_TESTABILITY = YES;
				GCC_C_LANGUAGE_STANDARD = gnu99;
				GCC_DYNAMIC_NO_PIC = NO;
				GCC_NO_COMMON_BLOCKS = YES;
				GCC_OPTIMIZATION_LEVEL = 0;
				GCC_PREPROCESSOR_DEFINITIONS = (
					"DEBUG=1",
					"$(inherited)",
				);
				GCC_WARN_64_TO_32_BIT_CONVERSION = YES;
				GCC_WARN_ABOUT_RETURN_TYPE = YES_ERROR;
				GCC_WARN_UNDECLARED_SELECTOR = YES;
				GCC_WARN_UNINITIALIZED_AUTOS = YES_AGGRESSIVE;
				GCC_WARN_UNUSED_FUNCTION = YES;
				GCC_WARN_UNUSED_VARIABLE = YES;
				IPHONEOS_DEPLOYMENT_TARGET = 10.2;
				MTL_ENABLE_DEBUG_INFO = YES;
				ONLY_ACTIVE_ARCH = YES;
				SDKROOT = iphoneos;
				SWIFT_ACTIVE_COMPILATION_CONDITIONS = DEBUG;
				SWIFT_OPTIMIZATION_LEVEL = "-Onone";
			};
			name = Debug;
		};
		A57D12AF1E771342006C0A8C /* Release */ = {
			isa = XCBuildConfiguration;
			buildSettings = {
				ALWAYS_SEARCH_USER_PATHS = NO;
				CLANG_ANALYZER_NONNULL = YES;
				CLANG_CXX_LANGUAGE_STANDARD = "gnu++0x";
				CLANG_CXX_LIBRARY = "libc++";
				CLANG_ENABLE_MODULES = YES;
				CLANG_ENABLE_OBJC_ARC = YES;
				CLANG_WARN_BOOL_CONVERSION = YES;
				CLANG_WARN_CONSTANT_CONVERSION = YES;
				CLANG_WARN_DIRECT_OBJC_ISA_USAGE = YES_ERROR;
				CLANG_WARN_DOCUMENTATION_COMMENTS = YES;
				CLANG_WARN_EMPTY_BODY = YES;
				CLANG_WARN_ENUM_CONVERSION = YES;
				CLANG_WARN_INFINITE_RECURSION = YES;
				CLANG_WARN_INT_CONVERSION = YES;
				CLANG_WARN_OBJC_ROOT_CLASS = YES_ERROR;
				CLANG_WARN_SUSPICIOUS_MOVE = YES;
				CLANG_WARN_UNREACHABLE_CODE = YES;
				CLANG_WARN__DUPLICATE_METHOD_MATCH = YES;
				"CODE_SIGN_IDENTITY[sdk=iphoneos*]" = "iPhone Developer";
				COPY_PHASE_STRIP = NO;
				DEBUG_INFORMATION_FORMAT = "dwarf-with-dsym";
				ENABLE_NS_ASSERTIONS = NO;
				ENABLE_STRICT_OBJC_MSGSEND = YES;
				GCC_C_LANGUAGE_STANDARD = gnu99;
				GCC_NO_COMMON_BLOCKS = YES;
				GCC_WARN_64_TO_32_BIT_CONVERSION = YES;
				GCC_WARN_ABOUT_RETURN_TYPE = YES_ERROR;
				GCC_WARN_UNDECLARED_SELECTOR = YES;
				GCC_WARN_UNINITIALIZED_AUTOS = YES_AGGRESSIVE;
				GCC_WARN_UNUSED_FUNCTION = YES;
				GCC_WARN_UNUSED_VARIABLE = YES;
				IPHONEOS_DEPLOYMENT_TARGET = 10.2;
				MTL_ENABLE_DEBUG_INFO = NO;
				SDKROOT = iphoneos;
				SWIFT_OPTIMIZATION_LEVEL = "-Owholemodule";
				VALIDATE_PRODUCT = YES;
			};
			name = Release;
		};
		A57D12B11E771342006C0A8C /* Debug */ = {
			isa = XCBuildConfiguration;
			baseConfigurationReference = E6D972A0520A6CFBCDEC1C24 /* Pods-SigninWithGoogle.debug.xcconfig */;
			buildSettings = {
				ASSETCATALOG_COMPILER_APPICON_NAME = AppIcon;
				CODE_SIGN_ENTITLEMENTS = SigninWithGoogle/SigninWithGoogle.entitlements;
				DEVELOPMENT_TEAM = 2BUG7DVPG4;
				INFOPLIST_FILE = SigninWithGoogle/Info.plist;
				IPHONEOS_DEPLOYMENT_TARGET = 9.1;
				LD_RUNPATH_SEARCH_PATHS = "$(inherited) @executable_path/Frameworks";
				PRODUCT_BUNDLE_IDENTIFIER = me.devth.SigninWithGoogle;
				PRODUCT_NAME = "$(TARGET_NAME)";
				SWIFT_VERSION = 3.0;
			};
			name = Debug;
		};
		A57D12B21E771342006C0A8C /* Release */ = {
			isa = XCBuildConfiguration;
			baseConfigurationReference = 5D611D08DA5372C572A4ED3C /* Pods-SigninWithGoogle.release.xcconfig */;
			buildSettings = {
				ASSETCATALOG_COMPILER_APPICON_NAME = AppIcon;
				CODE_SIGN_ENTITLEMENTS = SigninWithGoogle/SigninWithGoogle.entitlements;
				DEVELOPMENT_TEAM = 2BUG7DVPG4;
				INFOPLIST_FILE = SigninWithGoogle/Info.plist;
				IPHONEOS_DEPLOYMENT_TARGET = 9.1;
				LD_RUNPATH_SEARCH_PATHS = "$(inherited) @executable_path/Frameworks";
				PRODUCT_BUNDLE_IDENTIFIER = me.devth.SigninWithGoogle;
				PRODUCT_NAME = "$(TARGET_NAME)";
				SWIFT_VERSION = 3.0;
			};
			name = Release;
		};
/* End XCBuildConfiguration section */

/* Begin XCConfigurationList section */
		A57D12961E771342006C0A8C /* Build configuration list for PBXProject "SigninWithGoogle" */ = {
			isa = XCConfigurationList;
			buildConfigurations = (
				A57D12AE1E771342006C0A8C /* Debug */,
				A57D12AF1E771342006C0A8C /* Release */,
			);
			defaultConfigurationIsVisible = 0;
			defaultConfigurationName = Release;
		};
		A57D12B01E771342006C0A8C /* Build configuration list for PBXNativeTarget "SigninWithGoogle" */ = {
			isa = XCConfigurationList;
			buildConfigurations = (
				A57D12B11E771342006C0A8C /* Debug */,
				A57D12B21E771342006C0A8C /* Release */,
			);
			defaultConfigurationIsVisible = 0;
			defaultConfigurationName = Release;
		};
/* End XCConfigurationList section */

/* Begin XCVersionGroup section */
		A57D12A51E771342006C0A8C /* SigninWithGoogle.xcdatamodeld */ = {
			isa = XCVersionGroup;
			children = (
				A57D12A61E771342006C0A8C /* SigninWithGoogle.xcdatamodel */,
			);
			currentVersion = A57D12A61E771342006C0A8C /* SigninWithGoogle.xcdatamodel */;
			path = SigninWithGoogle.xcdatamodeld;
			sourceTree = "<group>";
			versionGroupType = wrapper.xcdatamodel;
		};
/* End XCVersionGroup section */
	};
	rootObject = A57D12931E771342006C0A8C /* Project object */;
}
